
Microsoft Visual Studio Solution File, Format Version 12.00
# Visual Studio Version 17
VisualStudioVersion = 17.4.33213.308
MinimumVisualStudioVersion = 10.0.40219.1
Project("{FAE04EC0-301F-11D3-BF4B-00C04F79EFBC}") = "Ex06-S02", "Ex06-S02\Ex06-S02.csproj", "{06176249-38DC-4C42-AAA4-5347E9A93C11}"
EndProject
Global
	GlobalSection(SolutionConfigurationPlatforms) = preSolution
		Debug|Any CPU = Debug|Any CPU
		Release|Any CPU = Release|Any CPU
	EndGlobalSection
	GlobalSection(ProjectConfigurationPlatforms) = postSolution
		{06176249-38DC-4C42-AAA4-5347E9A93C11}.Debug|Any CPU.ActiveCfg = Debug|Any CPU
		{06176249-38DC-4C42-AAA4-5347E9A93C11}.Debug|Any CPU.Build.0 = Debug|Any CPU
		{06176249-38DC-4C42-AAA4-5347E9A93C11}.Release|Any CPU.ActiveCfg = Release|Any CPU
		{06176249-38DC-4C42-AAA4-5347E9A93C11}.Release|Any CPU.Build.0 = Release|Any CPU
	EndGlobalSection
	GlobalSection(SolutionProperties) = preSolution
		HideSolutionNode = FALSE
	EndGlobalSection
	GlobalSection(ExtensibilityGlobals) = postSolution
		SolutionGuid = {C2CDAF09-C931-4C9F-AA5E-27C484DE55A6}
	EndGlobalSection
EndGlobal
